
Microsoft Visual Studio Solution File, Format Version 12.00
Project("{FAE04EC0-301F-11D3-BF4B-00C04F79EFBC}") = "PDFViewer", "PDFViewer\PDFViewer.csproj", "{FBF1B394-3C5D-4BF6-880B-2C6B5C0EB23E}"
EndProject
Project("{FAE04EC0-301F-11D3-BF4B-00C04F79EFBC}") = "Viewer", "Tests\Viewer\Viewer.csproj", "{B0AED617-95F3-4C9D-8C0B-3797914EA63F}"
EndProject
Project("{FAE04EC0-301F-11D3-BF4B-00C04F79EFBC}") = "GtkViewer", "GtkViewer\GtkViewer.csproj", "{A81DD942-0A81-4764-A363-1E57514F902A}"
EndProject
Global
	GlobalSection(SolutionConfigurationPlatforms) = preSolution
		Debug|Any CPU = Debug|Any CPU
		Release|Any CPU = Release|Any CPU
	EndGlobalSection
	GlobalSection(ProjectConfigurationPlatforms) = postSolution
		{FBF1B394-3C5D-4BF6-880B-2C6B5C0EB23E}.Debug|Any CPU.ActiveCfg = Debug|Any CPU
		{FBF1B394-3C5D-4BF6-880B-2C6B5C0EB23E}.Debug|Any CPU.Build.0 = Debug|Any CPU
		{FBF1B394-3C5D-4BF6-880B-2C6B5C0EB23E}.Release|Any CPU.ActiveCfg = Release|Any CPU
		{FBF1B394-3C5D-4BF6-880B-2C6B5C0EB23E}.Release|Any CPU.Build.0 = Release|Any CPU
		{B0AED617-95F3-4C9D-8C0B-3797914EA63F}.Debug|Any CPU.ActiveCfg = Debug|Any CPU
		{B0AED617-95F3-4C9D-8C0B-3797914EA63F}.Debug|Any CPU.Build.0 = Debug|Any CPU
		{B0AED617-95F3-4C9D-8C0B-3797914EA63F}.Release|Any CPU.ActiveCfg = Release|Any CPU
		{B0AED617-95F3-4C9D-8C0B-3797914EA63F}.Release|Any CPU.Build.0 = Release|Any CPU
		{A81DD942-0A81-4764-A363-1E57514F902A}.Debug|Any CPU.ActiveCfg = Debug|Any CPU
		{A81DD942-0A81-4764-A363-1E57514F902A}.Debug|Any CPU.Build.0 = Debug|Any CPU
		{A81DD942-0A81-4764-A363-1E57514F902A}.Release|Any CPU.ActiveCfg = Release|Any CPU
		{A81DD942-0A81-4764-A363-1E57514F902A}.Release|Any CPU.Build.0 = Release|Any CPU
	EndGlobalSection
EndGlobal
